// !$*UTF8*$!
{
	archiveVersion = 1;
	classes = {
	};
	objectVersion = 48;
	objects = {

/* Begin PBXBuildFile section */
		C410030E2A46251A8BB0B7AF /* UserselfCell.m in Sources */ = {isa = PBXBuildFile; fileRef = C41006B19AE777460CF998A6 /* UserselfCell.m */; };
		C4100B499026ED30693EC358 /* NSString+PinYin.m in Sources */ = {isa = PBXBuildFile; fileRef = C4100D391D143ABA9C6CE522 /* NSString+PinYin.m */; };
		FA1B294C2059347800ED5175 /* AppDelegate.m in Sources */ = {isa = PBXBuildFile; fileRef = FA1B294B2059347800ED5175 /* AppDelegate.m */; };
		FA1B294F2059347800ED5175 /* ViewController.m in Sources */ = {isa = PBXBuildFile; fileRef = FA1B294E2059347800ED5175 /* ViewController.m */; };
		FA1B29522059347800ED5175 /* Main.storyboard in Resources */ = {isa = PBXBuildFile; fileRef = FA1B29502059347800ED5175 /* Main.storyboard */; };
		FA1B29552059347800ED5175 /* WeekTwoDayThreePointNine.xcdatamodeld in Sources */ = {isa = PBXBuildFile; fileRef = FA1B29532059347800ED5175 /* WeekTwoDayThreePointNine.xcdatamodeld */; };
		FA1B29572059347800ED5175 /* Assets.xcassets in Resources */ = {isa = PBXBuildFile; fileRef = FA1B29562059347800ED5175 /* Assets.xcassets */; };
		FA1B295A2059347800ED5175 /* LaunchScreen.storyboard in Resources */ = {isa = PBXBuildFile; fileRef = FA1B29582059347800ED5175 /* LaunchScreen.storyboard */; };
		FA1B295D2059347800ED5175 /* main.m in Sources */ = {isa = PBXBuildFile; fileRef = FA1B295C2059347800ED5175 /* main.m */; };
		FA1B29672059347800ED5175 /* WeekTwoDayThreePointNineTests.m in Sources */ = {isa = PBXBuildFile; fileRef = FA1B29662059347800ED5175 /* WeekTwoDayThreePointNineTests.m */; };
		FA1B29722059347800ED5175 /* WeekTwoDayThreePointNineUITests.m in Sources */ = {isa = PBXBuildFile; fileRef = FA1B29712059347800ED5175 /* WeekTwoDayThreePointNineUITests.m */; };
		FA1B29822059356700ED5175 /* DetialsViewController.m in Sources */ = {isa = PBXBuildFile; fileRef = FA1B29802059356700ED5175 /* DetialsViewController.m */; };
		FA1B29832059356700ED5175 /* DetialsViewController.xib in Resources */ = {isa = PBXBuildFile; fileRef = FA1B29812059356700ED5175 /* DetialsViewController.xib */; };
		FA1B29872059358200ED5175 /* EditViewController.m in Sources */ = {isa = PBXBuildFile; fileRef = FA1B29852059358200ED5175 /* EditViewController.m */; };
		FA1B29882059358200ED5175 /* EditViewController.xib in Resources */ = {isa = PBXBuildFile; fileRef = FA1B29862059358200ED5175 /* EditViewController.xib */; };
		FA1B298C2059359400ED5175 /* NewContactViewController.m in Sources */ = {isa = PBXBuildFile; fileRef = FA1B298A2059359400ED5175 /* NewContactViewController.m */; };
		FA1B298D2059359400ED5175 /* NewContactViewController.xib in Resources */ = {isa = PBXBuildFile; fileRef = FA1B298B2059359400ED5175 /* NewContactViewController.xib */; };
		FA5D3C022059FD3900ECFD29 /* Contacts.plist in Resources */ = {isa = PBXBuildFile; fileRef = FA5D3C012059FD3900ECFD29 /* Contacts.plist */; };
/* End PBXBuildFile section */

/* Begin PBXContainerItemProxy section */
		FA1B29632059347800ED5175 /* PBXContainerItemProxy */ = {
			isa = PBXContainerItemProxy;
			containerPortal = FA1B293F2059347800ED5175 /* Project object */;
			proxyType = 1;
			remoteGlobalIDString = FA1B29462059347800ED5175;
			remoteInfo = WeekTwoDayThreePointNine;
		};
		FA1B296E2059347800ED5175 /* PBXContainerItemProxy */ = {
			isa = PBXContainerItemProxy;
			containerPortal = FA1B293F2059347800ED5175 /* Project object */;
			proxyType = 1;
			remoteGlobalIDString = FA1B29462059347800ED5175;
			remoteInfo = WeekTwoDayThreePointNine;
		};
/* End PBXContainerItemProxy section */

/* Begin PBXFileReference section */
		C41004E4AE53268DF95911D5 /* NSString+PinYin.h */ = {isa = PBXFileReference; fileEncoding = 4; lastKnownFileType = sourcecode.c.h; path = "NSString+PinYin.h"; sourceTree = "<group>"; };
		C41006B19AE777460CF998A6 /* UserselfCell.m */ = {isa = PBXFileReference; fileEncoding = 4; lastKnownFileType = sourcecode.c.objc; path = UserselfCell.m; sourceTree = "<group>"; };
		C410075A917C360D62C2257B /* UserselfCell.h */ = {isa = PBXFileReference; fileEncoding = 4; lastKnownFileType = sourcecode.c.h; path = UserselfCell.h; sourceTree = "<group>"; };
		C4100D391D143ABA9C6CE522 /* NSString+PinYin.m */ = {isa = PBXFileReference; fileEncoding = 4; lastKnownFileType = sourcecode.c.objc; path = "NSString+PinYin.m"; sourceTree = "<group>"; };
		FA1B29472059347800ED5175 /* WeekTwoDayThreePointNine.app */ = {isa = PBXFileReference; explicitFileType = wrapper.application; includeInIndex = 0; path = WeekTwoDayThreePointNine.app; sourceTree = BUILT_PRODUCTS_DIR; };
		FA1B294A2059347800ED5175 /* AppDelegate.h */ = {isa = PBXFileReference; lastKnownFileType = sourcecode.c.h; path = AppDelegate.h; sourceTree = "<group>"; };
		FA1B294B2059347800ED5175 /* AppDelegate.m */ = {isa = PBXFileReference; lastKnownFileType = sourcecode.c.objc; path = AppDelegate.m; sourceTree = "<group>"; };
		FA1B294D2059347800ED5175 /* ViewController.h */ = {isa = PBXFileReference; lastKnownFileType = sourcecode.c.h; path = ViewController.h; sourceTree = "<group>"; };
		FA1B294E2059347800ED5175 /* ViewController.m */ = {isa = PBXFileReference; lastKnownFileType = sourcecode.c.objc; path = ViewController.m; sourceTree = "<group>"; };
		FA1B29512059347800ED5175 /* Base */ = {isa = PBXFileReference; lastKnownFileType = file.storyboard; name = Base; path = Base.lproj/Main.storyboard; sourceTree = "<group>"; };
		FA1B29542059347800ED5175 /* WeekTwoDayThreePointNine.xcdatamodel */ = {isa = PBXFileReference; lastKnownFileType = wrapper.xcdatamodel; path = WeekTwoDayThreePointNine.xcdatamodel; sourceTree = "<group>"; };
		FA1B29562059347800ED5175 /* Assets.xcassets */ = {isa = PBXFileReference; lastKnownFileType = folder.assetcatalog; path = Assets.xcassets; sourceTree = "<group>"; };
		FA1B29592059347800ED5175 /* Base */ = {isa = PBXFileReference; lastKnownFileType = file.storyboard; name = Base; path = Base.lproj/LaunchScreen.storyboard; sourceTree = "<group>"; };
		FA1B295B2059347800ED5175 /* Info.plist */ = {isa = PBXFileReference; lastKnownFileType = text.plist.xml; path = Info.plist; sourceTree = "<group>"; };
		FA1B295C2059347800ED5175 /* main.m */ = {isa = PBXFileReference; lastKnownFileType = sourcecode.c.objc; path = main.m; sourceTree = "<group>"; };
		FA1B29622059347800ED5175 /* WeekTwoDayThreePointNineTests.xctest */ = {isa = PBXFileReference; explicitFileType = wrapper.cfbundle; includeInIndex = 0; path = WeekTwoDayThreePointNineTests.xctest; sourceTree = BUILT_PRODUCTS_DIR; };
		FA1B29662059347800ED5175 /* WeekTwoDayThreePointNineTests.m */ = {isa = PBXFileReference; lastKnownFileType = sourcecode.c.objc; path = WeekTwoDayThreePointNineTests.m; sourceTree = "<group>"; };
		FA1B29682059347800ED5175 /* Info.plist */ = {isa = PBXFileReference; lastKnownFileType = text.plist.xml; path = Info.plist; sourceTree = "<group>"; };
		FA1B296D2059347800ED5175 /* WeekTwoDayThreePointNineUITests.xctest */ = {isa = PBXFileReference; explicitFileType = wrapper.cfbundle; includeInIndex = 0; path = WeekTwoDayThreePointNineUITests.xctest; sourceTree = BUILT_PRODUCTS_DIR; };
		FA1B29712059347800ED5175 /* WeekTwoDayThreePointNineUITests.m */ = {isa = PBXFileReference; lastKnownFileType = sourcecode.c.objc; path = WeekTwoDayThreePointNineUITests.m; sourceTree = "<group>"; };
		FA1B29732059347800ED5175 /* Info.plist */ = {isa = PBXFileReference; lastKnownFileType = text.plist.xml; path = Info.plist; sourceTree = "<group>"; };
		FA1B297F2059356700ED5175 /* DetialsViewController.h */ = {isa = PBXFileReference; lastKnownFileType = sourcecode.c.h; path = DetialsViewController.h; sourceTree = "<group>"; };
		FA1B29802059356700ED5175 /* DetialsViewController.m */ = {isa = PBXFileReference; lastKnownFileType = sourcecode.c.objc; path = DetialsViewController.m; sourceTree = "<group>"; };
		FA1B29812059356700ED5175 /* DetialsViewController.xib */ = {isa = PBXFileReference; lastKnownFileType = file.xib; path = DetialsViewController.xib; sourceTree = "<group>"; };
		FA1B29842059358200ED5175 /* EditViewController.h */ = {isa = PBXFileReference; lastKnownFileType = sourcecode.c.h; path = EditViewController.h; sourceTree = "<group>"; };
		FA1B29852059358200ED5175 /* EditViewController.m */ = {isa = PBXFileReference; lastKnownFileType = sourcecode.c.objc; path = EditViewController.m; sourceTree = "<group>"; };
		FA1B29862059358200ED5175 /* EditViewController.xib */ = {isa = PBXFileReference; lastKnownFileType = file.xib; path = EditViewController.xib; sourceTree = "<group>"; };
		FA1B29892059359400ED5175 /* NewContactViewController.h */ = {isa = PBXFileReference; lastKnownFileType = sourcecode.c.h; path = NewContactViewController.h; sourceTree = "<group>"; };
		FA1B298A2059359400ED5175 /* NewContactViewController.m */ = {isa = PBXFileReference; lastKnownFileType = sourcecode.c.objc; path = NewContactViewController.m; sourceTree = "<group>"; };
		FA1B298B2059359400ED5175 /* NewContactViewController.xib */ = {isa = PBXFileReference; lastKnownFileType = file.xib; path = NewContactViewController.xib; sourceTree = "<group>"; };
		FA5D3C012059FD3900ECFD29 /* Contacts.plist */ = {isa = PBXFileReference; fileEncoding = 4; lastKnownFileType = text.plist.xml; path = Contacts.plist; sourceTree = "<group>"; };
/* End PBXFileReference section */

/* Begin PBXFrameworksBuildPhase section */
		FA1B29442059347800ED5175 /* Frameworks */ = {
			isa = PBXFrameworksBuildPhase;
			buildActionMask = 2147483647;
			files = (
			);
			runOnlyForDeploymentPostprocessing = 0;
		};
		FA1B295F2059347800ED5175 /* Frameworks */ = {
			isa = PBXFrameworksBuildPhase;
			buildActionMask = 2147483647;
			files = (
			);
			runOnlyForDeploymentPostprocessing = 0;
		};
		FA1B296A2059347800ED5175 /* Frameworks */ = {
			isa = PBXFrameworksBuildPhase;
			buildActionMask = 2147483647;
			files = (
			);
			runOnlyForDeploymentPostprocessing = 0;
		};
/* End PBXFrameworksBuildPhase section */

/* Begin PBXGroup section */
		C4100D0E05E26232DE30175A /* NSString+PinYin */ = {
			isa = PBXGroup;
			children = (
				C41004E4AE53268DF95911D5 /* NSString+PinYin.h */,
				C4100D391D143ABA9C6CE522 /* NSString+PinYin.m */,
			);
			path = "NSString+PinYin";
			sourceTree = "<group>";
		};
		FA1B293E2059347800ED5175 = {
			isa = PBXGroup;
			children = (
				FA1B29492059347800ED5175 /* WeekTwoDayThreePointNine */,
				FA1B29652059347800ED5175 /* WeekTwoDayThreePointNineTests */,
				FA1B29702059347800ED5175 /* WeekTwoDayThreePointNineUITests */,
				FA1B29482059347800ED5175 /* Products */,
			);
			sourceTree = "<group>";
		};
		FA1B29482059347800ED5175 /* Products */ = {
			isa = PBXGroup;
			children = (
				FA1B29472059347800ED5175 /* WeekTwoDayThreePointNine.app */,
				FA1B29622059347800ED5175 /* WeekTwoDayThreePointNineTests.xctest */,
				FA1B296D2059347800ED5175 /* WeekTwoDayThreePointNineUITests.xctest */,
			);
			name = Products;
			sourceTree = "<group>";
		};
		FA1B29492059347800ED5175 /* WeekTwoDayThreePointNine */ = {
			isa = PBXGroup;
			children = (
				FA5D3C012059FD3900ECFD29 /* Contacts.plist */,
				FA1B29582059347800ED5175 /* LaunchScreen.storyboard */,
				FA1B294A2059347800ED5175 /* AppDelegate.h */,
				FA1B294B2059347800ED5175 /* AppDelegate.m */,
				FA1B294D2059347800ED5175 /* ViewController.h */,
				FA1B294E2059347800ED5175 /* ViewController.m */,
				FA1B29502059347800ED5175 /* Main.storyboard */,
				FA1B29562059347800ED5175 /* Assets.xcassets */,
				FA1B295B2059347800ED5175 /* Info.plist */,
				FA1B295C2059347800ED5175 /* main.m */,
				FA1B29532059347800ED5175 /* WeekTwoDayThreePointNine.xcdatamodeld */,
				FA1B297F2059356700ED5175 /* DetialsViewController.h */,
				FA1B29802059356700ED5175 /* DetialsViewController.m */,
				FA1B29812059356700ED5175 /* DetialsViewController.xib */,
				FA1B29842059358200ED5175 /* EditViewController.h */,
				FA1B29852059358200ED5175 /* EditViewController.m */,
				FA1B29862059358200ED5175 /* EditViewController.xib */,
				FA1B29892059359400ED5175 /* NewContactViewController.h */,
				FA1B298A2059359400ED5175 /* NewContactViewController.m */,
				FA1B298B2059359400ED5175 /* NewContactViewController.xib */,
				C4100D0E05E26232DE30175A /* NSString+PinYin */,
				C410075A917C360D62C2257B /* UserselfCell.h */,
				C41006B19AE777460CF998A6 /* UserselfCell.m */,
			);
			path = WeekTwoDayThreePointNine;
			sourceTree = "<group>";
		};
		FA1B29652059347800ED5175 /* WeekTwoDayThreePointNineTests */ = {
			isa = PBXGroup;
			children = (
				FA1B29662059347800ED5175 /* WeekTwoDayThreePointNineTests.m */,
				FA1B29682059347800ED5175 /* Info.plist */,
			);
			path = WeekTwoDayThreePointNineTests;
			sourceTree = "<group>";
		};
		FA1B29702059347800ED5175 /* WeekTwoDayThreePointNineUITests */ = {
			isa = PBXGroup;
			children = (
				FA1B29712059347800ED5175 /* WeekTwoDayThreePointNineUITests.m */,
				FA1B29732059347800ED5175 /* Info.plist */,
			);
			path = WeekTwoDayThreePointNineUITests;
			sourceTree = "<group>";
		};
/* End PBXGroup section */

/* Begin PBXNativeTarget section */
		FA1B29462059347800ED5175 /* WeekTwoDayThreePointNine */ = {
			isa = PBXNativeTarget;
			buildConfigurationList = FA1B29762059347800ED5175 /* Build configuration list for PBXNativeTarget "WeekTwoDayThreePointNine" */;
			buildPhases = (
				FA1B29432059347800ED5175 /* Sources */,
				FA1B29442059347800ED5175 /* Frameworks */,
				FA1B29452059347800ED5175 /* Resources */,
			);
			buildRules = (
			);
			dependencies = (
			);
			name = WeekTwoDayThreePointNine;
			productName = WeekTwoDayThreePointNine;
			productReference = FA1B29472059347800ED5175 /* WeekTwoDayThreePointNine.app */;
			productType = "com.apple.product-type.application";
		};
		FA1B29612059347800ED5175 /* WeekTwoDayThreePointNineTests */ = {
			isa = PBXNativeTarget;
			buildConfigurationList = FA1B29792059347800ED5175 /* Build configuration list for PBXNativeTarget "WeekTwoDayThreePointNineTests" */;
			buildPhases = (
				FA1B295E2059347800ED5175 /* Sources */,
				FA1B295F2059347800ED5175 /* Frameworks */,
				FA1B29602059347800ED5175 /* Resources */,
			);
			buildRules = (
			);
			dependencies = (
				FA1B29642059347800ED5175 /* PBXTargetDependency */,
			);
			name = WeekTwoDayThreePointNineTests;
			productName = WeekTwoDayThreePointNineTests;
			productReference = FA1B29622059347800ED5175 /* WeekTwoDayThreePointNineTests.xctest */;
			productType = "com.apple.product-type.bundle.unit-test";
		};
		FA1B296C2059347800ED5175 /* WeekTwoDayThreePointNineUITests */ = {
			isa = PBXNativeTarget;
			buildConfigurationList = FA1B297C2059347800ED5175 /* Build configuration list for PBXNativeTarget "WeekTwoDayThreePointNineUITests" */;
			buildPhases = (
				FA1B29692059347800ED5175 /* Sources */,
				FA1B296A2059347800ED5175 /* Frameworks */,
				FA1B296B2059347800ED5175 /* Resources */,
			);
			buildRules = (
			);
			dependencies = (
				FA1B296F2059347800ED5175 /* PBXTargetDependency */,
			);
			name = WeekTwoDayThreePointNineUITests;
			productName = WeekTwoDayThreePointNineUITests;
			productReference = FA1B296D2059347800ED5175 /* WeekTwoDayThreePointNineUITests.xctest */;
			productType = "com.apple.product-type.bundle.ui-testing";
		};
/* End PBXNativeTarget section */

/* Begin PBXProject section */
		FA1B293F2059347800ED5175 /* Project object */ = {
			isa = PBXProject;
			attributes = {
				LastUpgradeCheck = 0920;
				ORGANIZATIONNAME = OurEDA;
				TargetAttributes = {
					FA1B29462059347800ED5175 = {
						CreatedOnToolsVersion = 9.2;
						ProvisioningStyle = Automatic;
					};
					FA1B29612059347800ED5175 = {
						CreatedOnToolsVersion = 9.2;
						ProvisioningStyle = Automatic;
						TestTargetID = FA1B29462059347800ED5175;
					};
					FA1B296C2059347800ED5175 = {
						CreatedOnToolsVersion = 9.2;
						ProvisioningStyle = Automatic;
						TestTargetID = FA1B29462059347800ED5175;
					};
				};
			};
			buildConfigurationList = FA1B29422059347800ED5175 /* Build configuration list for PBXProject "WeekTwoDayThreePointNine" */;
			compatibilityVersion = "Xcode 8.0";
			developmentRegion = en;
			hasScannedForEncodings = 0;
			knownRegions = (
				en,
				Base,
			);
			mainGroup = FA1B293E2059347800ED5175;
			productRefGroup = FA1B29482059347800ED5175 /* Products */;
			projectDirPath = "";
			projectRoot = "";
			targets = (
				FA1B29462059347800ED5175 /* WeekTwoDayThreePointNine */,
				FA1B29612059347800ED5175 /* WeekTwoDayThreePointNineTests */,
				FA1B296C2059347800ED5175 /* WeekTwoDayThreePointNineUITests */,
			);
		};
/* End PBXProject section */

/* Begin PBXResourcesBuildPhase section */
		FA1B29452059347800ED5175 /* Resources */ = {
			isa = PBXResourcesBuildPhase;
			buildActionMask = 2147483647;
			files = (
				FA1B295A2059347800ED5175 /* LaunchScreen.storyboard in Resources */,
				FA1B29572059347800ED5175 /* Assets.xcassets in Resources */,
				FA1B298D2059359400ED5175 /* NewContactViewController.xib in Resources */,
				FA1B29882059358200ED5175 /* EditViewController.xib in Resources */,
				FA1B29522059347800ED5175 /* Main.storyboard in Resources */,
				FA1B29832059356700ED5175 /* DetialsViewController.xib in Resources */,
				FA5D3C022059FD3900ECFD29 /* Contacts.plist in Resources */,
			);
			runOnlyForDeploymentPostprocessing = 0;
		};
		FA1B29602059347800ED5175 /* Resources */ = {
			isa = PBXResourcesBuildPhase;
			buildActionMask = 2147483647;
			files = (
			);
			runOnlyForDeploymentPostprocessing = 0;
		};
		FA1B296B2059347800ED5175 /* Resources */ = {
			isa = PBXResourcesBuildPhase;
			buildActionMask = 2147483647;
			files = (
			);
			runOnlyForDeploymentPostprocessing = 0;
		};
/* End PBXResourcesBuildPhase section */

/* Begin PBXSourcesBuildPhase section */
		FA1B29432059347800ED5175 /* Sources */ = {
			isa = PBXSourcesBuildPhase;
			buildActionMask = 2147483647;
			files = (
				FA1B294F2059347800ED5175 /* ViewController.m in Sources */,
				FA1B29822059356700ED5175 /* DetialsViewController.m in Sources */,
				FA1B29552059347800ED5175 /* WeekTwoDayThreePointNine.xcdatamodeld in Sources */,
				FA1B295D2059347800ED5175 /* main.m in Sources */,
				FA1B29872059358200ED5175 /* EditViewController.m in Sources */,
				FA1B294C2059347800ED5175 /* AppDelegate.m in Sources */,
				FA1B298C2059359400ED5175 /* NewContactViewController.m in Sources */,
				C4100B499026ED30693EC358 /* NSString+PinYin.m in Sources */,
				C410030E2A46251A8BB0B7AF /* UserselfCell.m in Sources */,
			);
			runOnlyForDeploymentPostprocessing = 0;
		};
		FA1B295E2059347800ED5175 /* Sources */ = {
			isa = PBXSourcesBuildPhase;
			buildActionMask = 2147483647;
			files = (
				FA1B29672059347800ED5175 /* WeekTwoDayThreePointNineTests.m in Sources */,
			);
			runOnlyForDeploymentPostprocessing = 0;
		};
		FA1B29692059347800ED5175 /* Sources */ = {
			isa = PBXSourcesBuildPhase;
			buildActionMask = 2147483647;
			files = (
				FA1B29722059347800ED5175 /* WeekTwoDayThreePointNineUITests.m in Sources */,
			);
			runOnlyForDeploymentPostprocessing = 0;
		};
/* End PBXSourcesBuildPhase section */

/* Begin PBXTargetDependency section */
		FA1B29642059347800ED5175 /* PBXTargetDependency */ = {
			isa = PBXTargetDependency;
			target = FA1B29462059347800ED5175 /* WeekTwoDayThreePointNine */;
			targetProxy = FA1B29632059347800ED5175 /* PBXContainerItemProxy */;
		};
		FA1B296F2059347800ED5175 /* PBXTargetDependency */ = {
			isa = PBXTargetDependency;
			target = FA1B29462059347800ED5175 /* WeekTwoDayThreePointNine */;
			targetProxy = FA1B296E2059347800ED5175 /* PBXContainerItemProxy */;
		};
/* End PBXTargetDependency section */

/* Begin PBXVariantGroup section */
		FA1B29502059347800ED5175 /* Main.storyboard */ = {
			isa = PBXVariantGroup;
			children = (
				FA1B29512059347800ED5175 /* Base */,
			);
			name = Main.storyboard;
			sourceTree = "<group>";
		};
		FA1B29582059347800ED5175 /* LaunchScreen.storyboard */ = {
			isa = PBXVariantGroup;
			children = (
				FA1B29592059347800ED5175 /* Base */,
			);
			name = LaunchScreen.storyboard;
			sourceTree = "<group>";
		};
/* End PBXVariantGroup section */

/* Begin XCBuildConfiguration section */
		FA1B29742059347800ED5175 /* Debug */ = {
			isa = XCBuildConfiguration;
			buildSettings = {
				ALWAYS_SEARCH_USER_PATHS = NO;
				CLANG_ANALYZER_NONNULL = YES;
				CLANG_ANALYZER_NUMBER_OBJECT_CONVERSION = YES_AGGRESSIVE;
				CLANG_CXX_LANGUAGE_STANDARD = "gnu++14";
				CLANG_CXX_LIBRARY = "libc++";
				CLANG_ENABLE_MODULES = YES;
				CLANG_ENABLE_OBJC_ARC = YES;
				CLANG_WARN_BLOCK_CAPTURE_AUTORELEASING = YES;
				CLANG_WARN_BOOL_CONVERSION = YES;
				CLANG_WARN_COMMA = YES;
				CLANG_WARN_CONSTANT_CONVERSION = YES;
				CLANG_WARN_DIRECT_OBJC_ISA_USAGE = YES_ERROR;
				CLANG_WARN_DOCUMENTATION_COMMENTS = YES;
				CLANG_WARN_EMPTY_BODY = YES;
				CLANG_WARN_ENUM_CONVERSION = YES;
				CLANG_WARN_INFINITE_RECURSION = YES;
				CLANG_WARN_INT_CONVERSION = YES;
				CLANG_WARN_NON_LITERAL_NULL_CONVERSION = YES;
				CLANG_WARN_OBJC_LITERAL_CONVERSION = YES;
				CLANG_WARN_OBJC_ROOT_CLASS = YES_ERROR;
				CLANG_WARN_RANGE_LOOP_ANALYSIS = YES;
				CLANG_WARN_STRICT_PROTOTYPES = YES;
				CLANG_WARN_SUSPICIOUS_MOVE = YES;
				CLANG_WARN_UNGUARDED_AVAILABILITY = YES_AGGRESSIVE;
				CLANG_WARN_UNREACHABLE_CODE = YES;
				CLANG_WARN__DUPLICATE_METHOD_MATCH = YES;
				CODE_SIGN_IDENTITY = "iPhone Developer";
				COPY_PHASE_STRIP = NO;
				DEBUG_INFORMATION_FORMAT = dwarf;
				ENABLE_STRICT_OBJC_MSGSEND = YES;
				ENABLE_TESTABILITY = YES;
				GCC_C_LANGUAGE_STANDARD = gnu11;
				GCC_DYNAMIC_NO_PIC = NO;
				GCC_NO_COMMON_BLOCKS = YES;
				GCC_OPTIMIZATION_LEVEL = 0;
				GCC_PREPROCESSOR_DEFINITIONS = (
					"DEBUG=1",
					"$(inherited)",
				);
				GCC_WARN_64_TO_32_BIT_CONVERSION = YES;
				GCC_WARN_ABOUT_RETURN_TYPE = YES_ERROR;
				GCC_WARN_UNDECLARED_SELECTOR = YES;
				GCC_WARN_UNINITIALIZED_AUTOS = YES_AGGRESSIVE;
				GCC_WARN_UNUSED_FUNCTION = YES;
				GCC_WARN_UNUSED_VARIABLE = YES;
				IPHONEOS_DEPLOYMENT_TARGET = 11.2;
				MTL_ENABLE_DEBUG_INFO = YES;
				ONLY_ACTIVE_ARCH = YES;
				SDKROOT = iphoneos;
			};
			name = Debug;
		};
		FA1B29752059347800ED5175 /* Release */ = {
			isa = XCBuildConfiguration;
			buildSettings = {
				ALWAYS_SEARCH_USER_PATHS = NO;
				CLANG_ANALYZER_NONNULL = YES;
				CLANG_ANALYZER_NUMBER_OBJECT_CONVERSION = YES_AGGRESSIVE;
				CLANG_CXX_LANGUAGE_STANDARD = "gnu++14";
				CLANG_CXX_LIBRARY = "libc++";
				CLANG_ENABLE_MODULES = YES;
				CLANG_ENABLE_OBJC_ARC = YES;
				CLANG_WARN_BLOCK_CAPTURE_AUTORELEASING = YES;
				CLANG_WARN_BOOL_CONVERSION = YES;
				CLANG_WARN_COMMA = YES;
				CLANG_WARN_CONSTANT_CONVERSION = YES;
				CLANG_WARN_DIRECT_OBJC_ISA_USAGE = YES_ERROR;
				CLANG_WARN_DOCUMENTATION_COMMENTS = YES;
				CLANG_WARN_EMPTY_BODY = YES;
				CLANG_WARN_ENUM_CONVERSION = YES;
				CLANG_WARN_INFINITE_RECURSION = YES;
				CLANG_WARN_INT_CONVERSION = YES;
				CLANG_WARN_NON_LITERAL_NULL_CONVERSION = YES;
				CLANG_WARN_OBJC_LITERAL_CONVERSION = YES;
				CLANG_WARN_OBJC_ROOT_CLASS = YES_ERROR;
				CLANG_WARN_RANGE_LOOP_ANALYSIS = YES;
				CLANG_WARN_STRICT_PROTOTYPES = YES;
				CLANG_WARN_SUSPICIOUS_MOVE = YES;
				CLANG_WARN_UNGUARDED_AVAILABILITY = YES_AGGRESSIVE;
				CLANG_WARN_UNREACHABLE_CODE = YES;
				CLANG_WARN__DUPLICATE_METHOD_MATCH = YES;
				CODE_SIGN_IDENTITY = "iPhone Developer";
				COPY_PHASE_STRIP = NO;
				DEBUG_INFORMATION_FORMAT = "dwarf-with-dsym";
				ENABLE_NS_ASSERTIONS = NO;
				ENABLE_STRICT_OBJC_MSGSEND = YES;
				GCC_C_LANGUAGE_STANDARD = gnu11;
				GCC_NO_COMMON_BLOCKS = YES;
				GCC_WARN_64_TO_32_BIT_CONVERSION = YES;
				GCC_WARN_ABOUT_RETURN_TYPE = YES_ERROR;
				GCC_WARN_UNDECLARED_SELECTOR = YES;
				GCC_WARN_UNINITIALIZED_AUTOS = YES_AGGRESSIVE;
				GCC_WARN_UNUSED_FUNCTION = YES;
				GCC_WARN_UNUSED_VARIABLE = YES;
				IPHONEOS_DEPLOYMENT_TARGET = 11.2;
				MTL_ENABLE_DEBUG_INFO = NO;
				SDKROOT = iphoneos;
				VALIDATE_PRODUCT = YES;
			};
			name = Release;
		};
		FA1B29772059347800ED5175 /* Debug */ = {
			isa = XCBuildConfiguration;
			buildSettings = {
				ASSETCATALOG_COMPILER_APPICON_NAME = AppIcon;
				CODE_SIGN_STYLE = Automatic;
				INFOPLIST_FILE = WeekTwoDayThreePointNine/Info.plist;
				LD_RUNPATH_SEARCH_PATHS = "$(inherited) @executable_path/Frameworks";
				PRODUCT_BUNDLE_IDENTIFIER = com.tingalex.WeekTwoDayThreePointNine;
				PRODUCT_NAME = "$(TARGET_NAME)";
				TARGETED_DEVICE_FAMILY = "1,2";
			};
			name = Debug;
		};
		FA1B29782059347800ED5175 /* Release */ = {
			isa = XCBuildConfiguration;
			buildSettings = {
				ASSETCATALOG_COMPILER_APPICON_NAME = AppIcon;
				CODE_SIGN_STYLE = Automatic;
				INFOPLIST_FILE = WeekTwoDayThreePointNine/Info.plist;
				LD_RUNPATH_SEARCH_PATHS = "$(inherited) @executable_path/Frameworks";
				PRODUCT_BUNDLE_IDENTIFIER = com.tingalex.WeekTwoDayThreePointNine;
				PRODUCT_NAME = "$(TARGET_NAME)";
				TARGETED_DEVICE_FAMILY = "1,2";
			};
			name = Release;
		};
		FA1B297A2059347800ED5175 /* Debug */ = {
			isa = XCBuildConfiguration;
			buildSettings = {
				BUNDLE_LOADER = "$(TEST_HOST)";
				CODE_SIGN_STYLE = Automatic;
				INFOPLIST_FILE = WeekTwoDayThreePointNineTests/Info.plist;
				LD_RUNPATH_SEARCH_PATHS = "$(inherited) @executable_path/Frameworks @loader_path/Frameworks";
				PRODUCT_BUNDLE_IDENTIFIER = com.tingalex.WeekTwoDayThreePointNineTests;
				PRODUCT_NAME = "$(TARGET_NAME)";
				TARGETED_DEVICE_FAMILY = "1,2";
				TEST_HOST = "$(BUILT_PRODUCTS_DIR)/WeekTwoDayThreePointNine.app/WeekTwoDayThreePointNine";
			};
			name = Debug;
		};
		FA1B297B2059347800ED5175 /* Release */ = {
			isa = XCBuildConfiguration;
			buildSettings = {
				BUNDLE_LOADER = "$(TEST_HOST)";
				CODE_SIGN_STYLE = Automatic;
				INFOPLIST_FILE = WeekTwoDayThreePointNineTests/Info.plist;
				LD_RUNPATH_SEARCH_PATHS = "$(inherited) @executable_path/Frameworks @loader_path/Frameworks";
				PRODUCT_BUNDLE_IDENTIFIER = com.tingalex.WeekTwoDayThreePointNineTests;
				PRODUCT_NAME = "$(TARGET_NAME)";
				TARGETED_DEVICE_FAMILY = "1,2";
				TEST_HOST = "$(BUILT_PRODUCTS_DIR)/WeekTwoDayThreePointNine.app/WeekTwoDayThreePointNine";
			};
			name = Release;
		};
		FA1B297D2059347800ED5175 /* Debug */ = {
			isa = XCBuildConfiguration;
			buildSettings = {
				CODE_SIGN_STYLE = Automatic;
				INFOPLIST_FILE = WeekTwoDayThreePointNineUITests/Info.plist;
				LD_RUNPATH_SEARCH_PATHS = "$(inherited) @executable_path/Frameworks @loader_path/Frameworks";
				PRODUCT_BUNDLE_IDENTIFIER = com.tingalex.WeekTwoDayThreePointNineUITests;
				PRODUCT_NAME = "$(TARGET_NAME)";
				TARGETED_DEVICE_FAMILY = "1,2";
				TEST_TARGET_NAME = WeekTwoDayThreePointNine;
			};
			name = Debug;
		};
		FA1B297E2059347800ED5175 /* Release */ = {
			isa = XCBuildConfiguration;
			buildSettings = {
				CODE_SIGN_STYLE = Automatic;
				INFOPLIST_FILE = WeekTwoDayThreePointNineUITests/Info.plist;
				LD_RUNPATH_SEARCH_PATHS = "$(inherited) @executable_path/Frameworks @loader_path/Frameworks";
				PRODUCT_BUNDLE_IDENTIFIER = com.tingalex.WeekTwoDayThreePointNineUITests;
				PRODUCT_NAME = "$(TARGET_NAME)";
				TARGETED_DEVICE_FAMILY = "1,2";
				TEST_TARGET_NAME = WeekTwoDayThreePointNine;
			};
			name = Release;
		};
/* End XCBuildConfiguration section */

/* Begin XCConfigurationList section */
		FA1B29422059347800ED5175 /* Build configuration list for PBXProject "WeekTwoDayThreePointNine" */ = {
			isa = XCConfigurationList;
			buildConfigurations = (
				FA1B29742059347800ED5175 /* Debug */,
				FA1B29752059347800ED5175 /* Release */,
			);
			defaultConfigurationIsVisible = 0;
			defaultConfigurationName = Release;
		};
		FA1B29762059347800ED5175 /* Build configuration list for PBXNativeTarget "WeekTwoDayThreePointNine" */ = {
			isa = XCConfigurationList;
			buildConfigurations = (
				FA1B29772059347800ED5175 /* Debug */,
				FA1B29782059347800ED5175 /* Release */,
			);
			defaultConfigurationIsVisible = 0;
			defaultConfigurationName = Release;
		};
		FA1B29792059347800ED5175 /* Build configuration list for PBXNativeTarget "WeekTwoDayThreePointNineTests" */ = {
			isa = XCConfigurationList;
			buildConfigurations = (
				FA1B297A2059347800ED5175 /* Debug */,
				FA1B297B2059347800ED5175 /* Release */,
			);
			defaultConfigurationIsVisible = 0;
			defaultConfigurationName = Release;
		};
		FA1B297C2059347800ED5175 /* Build configuration list for PBXNativeTarget "WeekTwoDayThreePointNineUITests" */ = {
			isa = XCConfigurationList;
			buildConfigurations = (
				FA1B297D2059347800ED5175 /* Debug */,
				FA1B297E2059347800ED5175 /* Release */,
			);
			defaultConfigurationIsVisible = 0;
			defaultConfigurationName = Release;
		};
/* End XCConfigurationList section */

/* Begin XCVersionGroup section */
		FA1B29532059347800ED5175 /* WeekTwoDayThreePointNine.xcdatamodeld */ = {
			isa = XCVersionGroup;
			children = (
				FA1B29542059347800ED5175 /* WeekTwoDayThreePointNine.xcdatamodel */,
			);
			currentVersion = FA1B29542059347800ED5175 /* WeekTwoDayThreePointNine.xcdatamodel */;
			path = WeekTwoDayThreePointNine.xcdatamodeld;
			sourceTree = "<group>";
			versionGroupType = wrapper.xcdatamodel;
		};
/* End XCVersionGroup section */
	};
	rootObject = FA1B293F2059347800ED5175 /* Project object */;
}
